
Microsoft Visual Studio Solution File, Format Version 12.00
# Visual Studio Version 16
VisualStudioVersion = 16.0.31205.134
MinimumVisualStudioVersion = 10.0.40219.1
Project("{FAE04EC0-301F-11D3-BF4B-00C04F79EFBC}") = "ConsumidorWSLocalizacion", "ConsumidorWSLocalizacion\ConsumidorWSLocalizacion.csproj", "{AD2539A1-756A-4606-AFF7-A8A32788A332}"
EndProject
Project("{FAE04EC0-301F-11D3-BF4B-00C04F79EFBC}") = "SideCar", "SideCar\SideCar.csproj", "{699C4ECD-397E-4CB7-BACC-DC948F0C143C}"
EndProject
Global
	GlobalSection(SolutionConfigurationPlatforms) = preSolution
		Debug|Any CPU = Debug|Any CPU
		Release|Any CPU = Release|Any CPU
	EndGlobalSection
	GlobalSection(ProjectConfigurationPlatforms) = postSolution
		{AD2539A1-756A-4606-AFF7-A8A32788A332}.Debug|Any CPU.ActiveCfg = Debug|Any CPU
		{AD2539A1-756A-4606-AFF7-A8A32788A332}.Debug|Any CPU.Build.0 = Debug|Any CPU
		{AD2539A1-756A-4606-AFF7-A8A32788A332}.Release|Any CPU.ActiveCfg = Release|Any CPU
		{AD2539A1-756A-4606-AFF7-A8A32788A332}.Release|Any CPU.Build.0 = Release|Any CPU
		{699C4ECD-397E-4CB7-BACC-DC948F0C143C}.Debug|Any CPU.ActiveCfg = Debug|Any CPU
		{699C4ECD-397E-4CB7-BACC-DC948F0C143C}.Debug|Any CPU.Build.0 = Debug|Any CPU
		{699C4ECD-397E-4CB7-BACC-DC948F0C143C}.Release|Any CPU.ActiveCfg = Release|Any CPU
		{699C4ECD-397E-4CB7-BACC-DC948F0C143C}.Release|Any CPU.Build.0 = Release|Any CPU
	EndGlobalSection
	GlobalSection(SolutionProperties) = preSolution
		HideSolutionNode = FALSE
	EndGlobalSection
	GlobalSection(ExtensibilityGlobals) = postSolution
		SolutionGuid = {DE96B8AD-07E6-454F-97C5-7EAED4AB6A14}
	EndGlobalSection
EndGlobal
